
Microsoft Visual Studio Solution File, Format Version 12.00
# Visual Studio Version 17
VisualStudioVersion = 17.14.36603.0 d17.14
MinimumVisualStudioVersion = 10.0.40219.1
Project("{FAE04EC0-301F-11D3-BF4B-00C04F79EFBC}") = "NasaApodGallery", "NasaApodGallery.csproj", "{D1886218-85E4-4FBC-B120-3766261CDFBF}"
EndProject
Global
	GlobalSection(SolutionConfigurationPlatforms) = preSolution
		Debug|Any CPU = Debug|Any CPU
		Release|Any CPU = Release|Any CPU
	EndGlobalSection
	GlobalSection(ProjectConfigurationPlatforms) = postSolution
		{D1886218-85E4-4FBC-B120-3766261CDFBF}.Debug|Any CPU.ActiveCfg = Debug|Any CPU
		{D1886218-85E4-4FBC-B120-3766261CDFBF}.Debug|Any CPU.Build.0 = Debug|Any CPU
		{D1886218-85E4-4FBC-B120-3766261CDFBF}.Release|Any CPU.ActiveCfg = Release|Any CPU
		{D1886218-85E4-4FBC-B120-3766261CDFBF}.Release|Any CPU.Build.0 = Release|Any CPU
	EndGlobalSection
	GlobalSection(SolutionProperties) = preSolution
		HideSolutionNode = FALSE
	EndGlobalSection
	GlobalSection(ExtensibilityGlobals) = postSolution
		SolutionGuid = {C89ECDF2-B595-4352-A289-2C430CAA9A57}
	EndGlobalSection
EndGlobal
